
Microsoft Visual Studio Solution File, Format Version 12.00
# Visual Studio Version 16
VisualStudioVersion = 16.0.29728.190
MinimumVisualStudioVersion = 10.0.40219.1
Project("{FAE04EC0-301F-11D3-BF4B-00C04F79EFBC}") = "GitHubActions.Azure.Web", "GitHubActions.Azure.Web\GitHubActions.Azure.Web.csproj", "{D2464158-4865-481F-BBA7-BEB8B5445A06}"
EndProject
Global
	GlobalSection(SolutionConfigurationPlatforms) = preSolution
		Debug|Any CPU = Debug|Any CPU
		Release|Any CPU = Release|Any CPU
	EndGlobalSection
	GlobalSection(ProjectConfigurationPlatforms) = postSolution
		{D2464158-4865-481F-BBA7-BEB8B5445A06}.Debug|Any CPU.ActiveCfg = Debug|Any CPU
		{D2464158-4865-481F-BBA7-BEB8B5445A06}.Debug|Any CPU.Build.0 = Debug|Any CPU
		{D2464158-4865-481F-BBA7-BEB8B5445A06}.Release|Any CPU.ActiveCfg = Release|Any CPU
		{D2464158-4865-481F-BBA7-BEB8B5445A06}.Release|Any CPU.Build.0 = Release|Any CPU
	EndGlobalSection
	GlobalSection(SolutionProperties) = preSolution
		HideSolutionNode = FALSE
	EndGlobalSection
	GlobalSection(ExtensibilityGlobals) = postSolution
		SolutionGuid = {F70DC85C-5E19-4A24-ABCB-283DE5271286}
	EndGlobalSection
EndGlobal
